
Microsoft Visual Studio Solution File, Format Version 12.00
# Visual Studio Version 17
VisualStudioVersion = 17.6.33829.357
MinimumVisualStudioVersion = 10.0.40219.1
Project("{FAE04EC0-301F-11D3-BF4B-00C04F79EFBC}") = "ls4", "ls4.csproj", "{D3543FD0-289C-4A5E-AA60-06A7F02FBEEF}"
EndProject
Global
	GlobalSection(SolutionConfigurationPlatforms) = preSolution
		Debug|Any CPU = Debug|Any CPU
		Release|Any CPU = Release|Any CPU
	EndGlobalSection
	GlobalSection(ProjectConfigurationPlatforms) = postSolution
		{D3543FD0-289C-4A5E-AA60-06A7F02FBEEF}.Debug|Any CPU.ActiveCfg = Debug|Any CPU
		{D3543FD0-289C-4A5E-AA60-06A7F02FBEEF}.Debug|Any CPU.Build.0 = Debug|Any CPU
		{D3543FD0-289C-4A5E-AA60-06A7F02FBEEF}.Release|Any CPU.ActiveCfg = Release|Any CPU
		{D3543FD0-289C-4A5E-AA60-06A7F02FBEEF}.Release|Any CPU.Build.0 = Release|Any CPU
	EndGlobalSection
	GlobalSection(SolutionProperties) = preSolution
		HideSolutionNode = FALSE
	EndGlobalSection
	GlobalSection(ExtensibilityGlobals) = postSolution
		SolutionGuid = {7CA8F71F-32FD-441E-ABEC-092CC314C063}
	EndGlobalSection
EndGlobal
