
Microsoft Visual Studio Solution File, Format Version 12.00
# Visual Studio Version 17
VisualStudioVersion = 17.6.33829.357
MinimumVisualStudioVersion = 10.0.40219.1
Project("{FAE04EC0-301F-11D3-BF4B-00C04F79EFBC}") = "Lab5", "Lab5.csproj", "{B025B0C8-659B-42BE-B418-0B9900112D20}"
EndProject
Global
	GlobalSection(SolutionConfigurationPlatforms) = preSolution
		Debug|Any CPU = Debug|Any CPU
		Release|Any CPU = Release|Any CPU
	EndGlobalSection
	GlobalSection(ProjectConfigurationPlatforms) = postSolution
		{B025B0C8-659B-42BE-B418-0B9900112D20}.Debug|Any CPU.ActiveCfg = Debug|Any CPU
		{B025B0C8-659B-42BE-B418-0B9900112D20}.Debug|Any CPU.Build.0 = Debug|Any CPU
		{B025B0C8-659B-42BE-B418-0B9900112D20}.Release|Any CPU.ActiveCfg = Release|Any CPU
		{B025B0C8-659B-42BE-B418-0B9900112D20}.Release|Any CPU.Build.0 = Release|Any CPU
	EndGlobalSection
	GlobalSection(SolutionProperties) = preSolution
		HideSolutionNode = FALSE
	EndGlobalSection
	GlobalSection(ExtensibilityGlobals) = postSolution
		SolutionGuid = {0984F237-9E14-4E51-AFE0-5AEDE079FC4F}
	EndGlobalSection
EndGlobal
