
Microsoft Visual Studio Solution File, Format Version 12.00
# Visual Studio Version 17
VisualStudioVersion = 17.6.33829.357
MinimumVisualStudioVersion = 10.0.40219.1
Project("{FAE04EC0-301F-11D3-BF4B-00C04F79EFBC}") = "leesson01-empty", "leesson01-empty.csproj", "{5AA952FF-C319-43BE-9ED8-091A5390126C}"
EndProject
Global
	GlobalSection(SolutionConfigurationPlatforms) = preSolution
		Debug|Any CPU = Debug|Any CPU
		Release|Any CPU = Release|Any CPU
	EndGlobalSection
	GlobalSection(ProjectConfigurationPlatforms) = postSolution
		{5AA952FF-C319-43BE-9ED8-091A5390126C}.Debug|Any CPU.ActiveCfg = Debug|Any CPU
		{5AA952FF-C319-43BE-9ED8-091A5390126C}.Debug|Any CPU.Build.0 = Debug|Any CPU
		{5AA952FF-C319-43BE-9ED8-091A5390126C}.Release|Any CPU.ActiveCfg = Release|Any CPU
		{5AA952FF-C319-43BE-9ED8-091A5390126C}.Release|Any CPU.Build.0 = Release|Any CPU
	EndGlobalSection
	GlobalSection(SolutionProperties) = preSolution
		HideSolutionNode = FALSE
	EndGlobalSection
	GlobalSection(ExtensibilityGlobals) = postSolution
		SolutionGuid = {F30D9710-EF9B-4990-A13C-440FEC8D9C04}
	EndGlobalSection
EndGlobal
